
Microsoft Visual Studio Solution File, Format Version 12.00
# Visual Studio Version 17
VisualStudioVersion = 17.1.32414.318
MinimumVisualStudioVersion = 10.0.40219.1
Project("{FAE04EC0-301F-11D3-BF4B-00C04F79EFBC}") = "Fase3 BD 2022 Joel Gramajo", "Fase3 BD 2022 Joel Gramajo.csproj", "{F63B4C68-E06B-44F3-8C6C-D4593807C6B6}"
EndProject
Global
	GlobalSection(SolutionConfigurationPlatforms) = preSolution
		Debug|Any CPU = Debug|Any CPU
		Release|Any CPU = Release|Any CPU
	EndGlobalSection
	GlobalSection(ProjectConfigurationPlatforms) = postSolution
		{F63B4C68-E06B-44F3-8C6C-D4593807C6B6}.Debug|Any CPU.ActiveCfg = Debug|Any CPU
		{F63B4C68-E06B-44F3-8C6C-D4593807C6B6}.Debug|Any CPU.Build.0 = Debug|Any CPU
		{F63B4C68-E06B-44F3-8C6C-D4593807C6B6}.Release|Any CPU.ActiveCfg = Release|Any CPU
		{F63B4C68-E06B-44F3-8C6C-D4593807C6B6}.Release|Any CPU.Build.0 = Release|Any CPU
	EndGlobalSection
	GlobalSection(SolutionProperties) = preSolution
		HideSolutionNode = FALSE
	EndGlobalSection
	GlobalSection(ExtensibilityGlobals) = postSolution
		SolutionGuid = {98F29D9C-5096-4D44-B15A-982AF55D033B}
	EndGlobalSection
EndGlobal
